// !$*UTF8*$!
{
	archiveVersion = 1;
	classes = {
	};
	objectVersion = 50;
	objects = {

/* Begin PBXBuildFile section */
		1610F27F2586829800D21CC7 /* AccountInfo.swift in Sources */ = {isa = PBXBuildFile; fileRef = 1610F27E2586829800D21CC7 /* AccountInfo.swift */; };
		166AA6242583FD560022FEAD /* GenderPicker.swift in Sources */ = {isa = PBXBuildFile; fileRef = 166AA6232583FD560022FEAD /* GenderPicker.swift */; };
		166AA6272584043D0022FEAD /* WeightPicker.swift in Sources */ = {isa = PBXBuildFile; fileRef = 166AA6262584043D0022FEAD /* WeightPicker.swift */; };
		1670ADC9257FFAD600CDDFB9 /* AppDelegate.swift in Sources */ = {isa = PBXBuildFile; fileRef = 1670ADC8257FFAD600CDDFB9 /* AppDelegate.swift */; };
		1670ADCB257FFAD600CDDFB9 /* SceneDelegate.swift in Sources */ = {isa = PBXBuildFile; fileRef = 1670ADCA257FFAD600CDDFB9 /* SceneDelegate.swift */; };
		1670ADCD257FFAD600CDDFB9 /* ViewController.swift in Sources */ = {isa = PBXBuildFile; fileRef = 1670ADCC257FFAD600CDDFB9 /* ViewController.swift */; };
		1670ADD0257FFAD600CDDFB9 /* Main.storyboard in Resources */ = {isa = PBXBuildFile; fileRef = 1670ADCE257FFAD600CDDFB9 /* Main.storyboard */; };
		1670ADD2257FFAD600CDDFB9 /* Assets.xcassets in Resources */ = {isa = PBXBuildFile; fileRef = 1670ADD1257FFAD600CDDFB9 /* Assets.xcassets */; };
		1670ADD5257FFAD600CDDFB9 /* LaunchScreen.storyboard in Resources */ = {isa = PBXBuildFile; fileRef = 1670ADD3257FFAD600CDDFB9 /* LaunchScreen.storyboard */; };
		1670ADDE2582466700CDDFB9 /* waterView.swift in Sources */ = {isa = PBXBuildFile; fileRef = 1670ADDD2582466700CDDFB9 /* waterView.swift */; };
/* End PBXBuildFile section */

/* Begin PBXFileReference section */
		1610F27E2586829800D21CC7 /* AccountInfo.swift */ = {isa = PBXFileReference; lastKnownFileType = sourcecode.swift; path = AccountInfo.swift; sourceTree = "<group>"; };
		166AA6232583FD560022FEAD /* GenderPicker.swift */ = {isa = PBXFileReference; lastKnownFileType = sourcecode.swift; path = GenderPicker.swift; sourceTree = "<group>"; };
		166AA6262584043D0022FEAD /* WeightPicker.swift */ = {isa = PBXFileReference; lastKnownFileType = sourcecode.swift; path = WeightPicker.swift; sourceTree = "<group>"; };
		1670ADC5257FFAD600CDDFB9 /* WaterMe.app */ = {isa = PBXFileReference; explicitFileType = wrapper.application; includeInIndex = 0; path = WaterMe.app; sourceTree = BUILT_PRODUCTS_DIR; };
		1670ADC8257FFAD600CDDFB9 /* AppDelegate.swift */ = {isa = PBXFileReference; lastKnownFileType = sourcecode.swift; path = AppDelegate.swift; sourceTree = "<group>"; };
		1670ADCA257FFAD600CDDFB9 /* SceneDelegate.swift */ = {isa = PBXFileReference; lastKnownFileType = sourcecode.swift; path = SceneDelegate.swift; sourceTree = "<group>"; };
		1670ADCC257FFAD600CDDFB9 /* ViewController.swift */ = {isa = PBXFileReference; lastKnownFileType = sourcecode.swift; path = ViewController.swift; sourceTree = "<group>"; };
		1670ADCF257FFAD600CDDFB9 /* Base */ = {isa = PBXFileReference; lastKnownFileType = file.storyboard; name = Base; path = Base.lproj/Main.storyboard; sourceTree = "<group>"; };
		1670ADD1257FFAD600CDDFB9 /* Assets.xcassets */ = {isa = PBXFileReference; lastKnownFileType = folder.assetcatalog; path = Assets.xcassets; sourceTree = "<group>"; };
		1670ADD4257FFAD600CDDFB9 /* Base */ = {isa = PBXFileReference; lastKnownFileType = file.storyboard; name = Base; path = Base.lproj/LaunchScreen.storyboard; sourceTree = "<group>"; };
		1670ADD6257FFAD600CDDFB9 /* Info.plist */ = {isa = PBXFileReference; lastKnownFileType = text.plist.xml; path = Info.plist; sourceTree = "<group>"; };
		1670ADDD2582466700CDDFB9 /* waterView.swift */ = {isa = PBXFileReference; lastKnownFileType = sourcecode.swift; path = waterView.swift; sourceTree = "<group>"; };
/* End PBXFileReference section */

/* Begin PBXFrameworksBuildPhase section */
		1670ADC2257FFAD600CDDFB9 /* Frameworks */ = {
			isa = PBXFrameworksBuildPhase;
			buildActionMask = 2147483647;
			files = (
			);
			runOnlyForDeploymentPostprocessing = 0;
		};
/* End PBXFrameworksBuildPhase section */

/* Begin PBXGroup section */
		1670ADBC257FFAD600CDDFB9 = {
			isa = PBXGroup;
			children = (
				1670ADC7257FFAD600CDDFB9 /* WaterMe */,
				1670ADC6257FFAD600CDDFB9 /* Products */,
			);
			sourceTree = "<group>";
		};
		1670ADC6257FFAD600CDDFB9 /* Products */ = {
			isa = PBXGroup;
			children = (
				1670ADC5257FFAD600CDDFB9 /* WaterMe.app */,
			);
			name = Products;
			sourceTree = "<group>";
		};
		1670ADC7257FFAD600CDDFB9 /* WaterMe */ = {
			isa = PBXGroup;
			children = (
				1670ADC8257FFAD600CDDFB9 /* AppDelegate.swift */,
				1670ADCA257FFAD600CDDFB9 /* SceneDelegate.swift */,
				1670ADCC257FFAD600CDDFB9 /* ViewController.swift */,
				1670ADCE257FFAD600CDDFB9 /* Main.storyboard */,
				1670ADD1257FFAD600CDDFB9 /* Assets.xcassets */,
				1670ADD3257FFAD600CDDFB9 /* LaunchScreen.storyboard */,
				1670ADD6257FFAD600CDDFB9 /* Info.plist */,
				1670ADDD2582466700CDDFB9 /* waterView.swift */,
				166AA6232583FD560022FEAD /* GenderPicker.swift */,
				166AA6262584043D0022FEAD /* WeightPicker.swift */,
				1610F27E2586829800D21CC7 /* AccountInfo.swift */,
			);
			path = WaterMe;
			sourceTree = "<group>";
		};
/* End PBXGroup section */

/* Begin PBXNativeTarget section */
		1670ADC4257FFAD600CDDFB9 /* WaterMe */ = {
			isa = PBXNativeTarget;
			buildConfigurationList = 1670ADD9257FFAD600CDDFB9 /* Build configuration list for PBXNativeTarget "WaterMe" */;
			buildPhases = (
				1670ADC1257FFAD600CDDFB9 /* Sources */,
				1670ADC2257FFAD600CDDFB9 /* Frameworks */,
				1670ADC3257FFAD600CDDFB9 /* Resources */,
			);
			buildRules = (
			);
			dependencies = (
			);
			name = WaterMe;
			productName = WaterMe;
			productReference = 1670ADC5257FFAD600CDDFB9 /* WaterMe.app */;
			productType = "com.apple.product-type.application";
		};
/* End PBXNativeTarget section */

/* Begin PBXProject section */
		1670ADBD257FFAD600CDDFB9 /* Project object */ = {
			isa = PBXProject;
			attributes = {
				LastSwiftUpdateCheck = 1220;
				LastUpgradeCheck = 1220;
				TargetAttributes = {
					1670ADC4257FFAD600CDDFB9 = {
						CreatedOnToolsVersion = 12.2;
					};
				};
			};
			buildConfigurationList = 1670ADC0257FFAD600CDDFB9 /* Build configuration list for PBXProject "WaterMe" */;
			compatibilityVersion = "Xcode 9.3";
			developmentRegion = en;
			hasScannedForEncodings = 0;
			knownRegions = (
				en,
				Base,
			);
			mainGroup = 1670ADBC257FFAD600CDDFB9;
			productRefGroup = 1670ADC6257FFAD600CDDFB9 /* Products */;
			projectDirPath = "";
			projectRoot = "";
			targets = (
				1670ADC4257FFAD600CDDFB9 /* WaterMe */,
			);
		};
/* End PBXProject section */

/* Begin PBXResourcesBuildPhase section */
		1670ADC3257FFAD600CDDFB9 /* Resources */ = {
			isa = PBXResourcesBuildPhase;
			buildActionMask = 2147483647;
			files = (
				1670ADD5257FFAD600CDDFB9 /* LaunchScreen.storyboard in Resources */,
				1670ADD2257FFAD600CDDFB9 /* Assets.xcassets in Resources */,
				1670ADD0257FFAD600CDDFB9 /* Main.storyboard in Resources */,
			);
			runOnlyForDeploymentPostprocessing = 0;
		};
/* End PBXResourcesBuildPhase section */

/* Begin PBXSourcesBuildPhase section */
		1670ADC1257FFAD600CDDFB9 /* Sources */ = {
			isa = PBXSourcesBuildPhase;
			buildActionMask = 2147483647;
			files = (
				1670ADDE2582466700CDDFB9 /* waterView.swift in Sources */,
				1670ADCD257FFAD600CDDFB9 /* ViewController.swift in Sources */,
				1670ADC9257FFAD600CDDFB9 /* AppDelegate.swift in Sources */,
				166AA6272584043D0022FEAD /* WeightPicker.swift in Sources */,
				1670ADCB257FFAD600CDDFB9 /* SceneDelegate.swift in Sources */,
				166AA6242583FD560022FEAD /* GenderPicker.swift in Sources */,
				1610F27F2586829800D21CC7 /* AccountInfo.swift in Sources */,
			);
			runOnlyForDeploymentPostprocessing = 0;
		};
/* End PBXSourcesBuildPhase section */

/* Begin PBXVariantGroup section */
		1670ADCE257FFAD600CDDFB9 /* Main.storyboard */ = {
			isa = PBXVariantGroup;
			children = (
				1670ADCF257FFAD600CDDFB9 /* Base */,
			);
			name = Main.storyboard;
			sourceTree = "<group>";
		};
		1670ADD3257FFAD600CDDFB9 /* LaunchScreen.storyboard */ = {
			isa = PBXVariantGroup;
			children = (
				1670ADD4257FFAD600CDDFB9 /* Base */,
			);
			name = LaunchScreen.storyboard;
			sourceTree = "<group>";
		};
/* End PBXVariantGroup section */

/* Begin XCBuildConfiguration section */
		1670ADD7257FFAD600CDDFB9 /* Debug */ = {
			isa = XCBuildConfiguration;
			buildSettings = {
				ALWAYS_SEARCH_USER_PATHS = NO;
				CLANG_ANALYZER_NONNULL = YES;
				CLANG_ANALYZER_NUMBER_OBJECT_CONVERSION = YES_AGGRESSIVE;
				CLANG_CXX_LANGUAGE_STANDARD = "gnu++14";
				CLANG_CXX_LIBRARY = "libc++";
				CLANG_ENABLE_MODULES = YES;
				CLANG_ENABLE_OBJC_ARC = YES;
				CLANG_ENABLE_OBJC_WEAK = YES;
				CLANG_WARN_BLOCK_CAPTURE_AUTORELEASING = YES;
				CLANG_WARN_BOOL_CONVERSION = YES;
				CLANG_WARN_COMMA = YES;
				CLANG_WARN_CONSTANT_CONVERSION = YES;
				CLANG_WARN_DEPRECATED_OBJC_IMPLEMENTATIONS = YES;
				CLANG_WARN_DIRECT_OBJC_ISA_USAGE = YES_ERROR;
				CLANG_WARN_DOCUMENTATION_COMMENTS = YES;
				CLANG_WARN_EMPTY_BODY = YES;
				CLANG_WARN_ENUM_CONVERSION = YES;
				CLANG_WARN_INFINITE_RECURSION = YES;
				CLANG_WARN_INT_CONVERSION = YES;
				CLANG_WARN_NON_LITERAL_NULL_CONVERSION = YES;
				CLANG_WARN_OBJC_IMPLICIT_RETAIN_SELF = YES;
				CLANG_WARN_OBJC_LITERAL_CONVERSION = YES;
				CLANG_WARN_OBJC_ROOT_CLASS = YES_ERROR;
				CLANG_WARN_QUOTED_INCLUDE_IN_FRAMEWORK_HEADER = YES;
				CLANG_WARN_RANGE_LOOP_ANALYSIS = YES;
				CLANG_WARN_STRICT_PROTOTYPES = YES;
				CLANG_WARN_SUSPICIOUS_MOVE = YES;
				CLANG_WARN_UNGUARDED_AVAILABILITY = YES_AGGRESSIVE;
				CLANG_WARN_UNREACHABLE_CODE = YES;
				CLANG_WARN__DUPLICATE_METHOD_MATCH = YES;
				COPY_PHASE_STRIP = NO;
				DEBUG_INFORMATION_FORMAT = dwarf;
				ENABLE_STRICT_OBJC_MSGSEND = YES;
				ENABLE_TESTABILITY = YES;
				GCC_C_LANGUAGE_STANDARD = gnu11;
				GCC_DYNAMIC_NO_PIC = NO;
				GCC_NO_COMMON_BLOCKS = YES;
				GCC_OPTIMIZATION_LEVEL = 0;
				GCC_PREPROCESSOR_DEFINITIONS = (
					"DEBUG=1",
					"$(inherited)",
				);
				GCC_WARN_64_TO_32_BIT_CONVERSION = YES;
				GCC_WARN_ABOUT_RETURN_TYPE = YES_ERROR;
				GCC_WARN_UNDECLARED_SELECTOR = YES;
				GCC_WARN_UNINITIALIZED_AUTOS = YES_AGGRESSIVE;
				GCC_WARN_UNUSED_FUNCTION = YES;
				GCC_WARN_UNUSED_VARIABLE = YES;
				IPHONEOS_DEPLOYMENT_TARGET = 14.2;
				MTL_ENABLE_DEBUG_INFO = INCLUDE_SOURCE;
				MTL_FAST_MATH = YES;
				ONLY_ACTIVE_ARCH = YES;
				SDKROOT = iphoneos;
				SWIFT_ACTIVE_COMPILATION_CONDITIONS = DEBUG;
				SWIFT_OPTIMIZATION_LEVEL = "-Onone";
			};
			name = Debug;
		};
		1670ADD8257FFAD600CDDFB9 /* Release */ = {
			isa = XCBuildConfiguration;
			buildSettings = {
				ALWAYS_SEARCH_USER_PATHS = NO;
				CLANG_ANALYZER_NONNULL = YES;
				CLANG_ANALYZER_NUMBER_OBJECT_CONVERSION = YES_AGGRESSIVE;
				CLANG_CXX_LANGUAGE_STANDARD = "gnu++14";
				CLANG_CXX_LIBRARY = "libc++";
				CLANG_ENABLE_MODULES = YES;
				CLANG_ENABLE_OBJC_ARC = YES;
				CLANG_ENABLE_OBJC_WEAK = YES;
				CLANG_WARN_BLOCK_CAPTURE_AUTORELEASING = YES;
				CLANG_WARN_BOOL_CONVERSION = YES;
				CLANG_WARN_COMMA = YES;
				CLANG_WARN_CONSTANT_CONVERSION = YES;
				CLANG_WARN_DEPRECATED_OBJC_IMPLEMENTATIONS = YES;
				CLANG_WARN_DIRECT_OBJC_ISA_USAGE = YES_ERROR;
				CLANG_WARN_DOCUMENTATION_COMMENTS = YES;
				CLANG_WARN_EMPTY_BODY = YES;
				CLANG_WARN_ENUM_CONVERSION = YES;
				CLANG_WARN_INFINITE_RECURSION = YES;
				CLANG_WARN_INT_CONVERSION = YES;
				CLANG_WARN_NON_LITERAL_NULL_CONVERSION = YES;
				CLANG_WARN_OBJC_IMPLICIT_RETAIN_SELF = YES;
				CLANG_WARN_OBJC_LITERAL_CONVERSION = YES;
				CLANG_WARN_OBJC_ROOT_CLASS = YES_ERROR;
				CLANG_WARN_QUOTED_INCLUDE_IN_FRAMEWORK_HEADER = YES;
				CLANG_WARN_RANGE_LOOP_ANALYSIS = YES;
				CLANG_WARN_STRICT_PROTOTYPES = YES;
				CLANG_WARN_SUSPICIOUS_MOVE = YES;
				CLANG_WARN_UNGUARDED_AVAILABILITY = YES_AGGRESSIVE;
				CLANG_WARN_UNREACHABLE_CODE = YES;
				CLANG_WARN__DUPLICATE_METHOD_MATCH = YES;
				COPY_PHASE_STRIP = NO;
				DEBUG_INFORMATION_FORMAT = "dwarf-with-dsym";
				ENABLE_NS_ASSERTIONS = NO;
				ENABLE_STRICT_OBJC_MSGSEND = YES;
				GCC_C_LANGUAGE_STANDARD = gnu11;
				GCC_NO_COMMON_BLOCKS = YES;
				GCC_WARN_64_TO_32_BIT_CONVERSION = YES;
				GCC_WARN_ABOUT_RETURN_TYPE = YES_ERROR;
				GCC_WARN_UNDECLARED_SELECTOR = YES;
				GCC_WARN_UNINITIALIZED_AUTOS = YES_AGGRESSIVE;
				GCC_WARN_UNUSED_FUNCTION = YES;
				GCC_WARN_UNUSED_VARIABLE = YES;
				IPHONEOS_DEPLOYMENT_TARGET = 14.2;
				MTL_ENABLE_DEBUG_INFO = NO;
				MTL_FAST_MATH = YES;
				SDKROOT = iphoneos;
				SWIFT_COMPILATION_MODE = wholemodule;
				SWIFT_OPTIMIZATION_LEVEL = "-O";
				VALIDATE_PRODUCT = YES;
			};
			name = Release;
		};
		1670ADDA257FFAD600CDDFB9 /* Debug */ = {
			isa = XCBuildConfiguration;
			buildSettings = {
				ASSETCATALOG_COMPILER_APPICON_NAME = AppIcon;
				ASSETCATALOG_COMPILER_GLOBAL_ACCENT_COLOR_NAME = AccentColor;
				CODE_SIGN_STYLE = Automatic;
				DEVELOPMENT_TEAM = PA5Y59CXB7;
				INFOPLIST_FILE = WaterMe/Info.plist;
				LD_RUNPATH_SEARCH_PATHS = (
					"$(inherited)",
					"@executable_path/Frameworks",
				);
				PRODUCT_BUNDLE_IDENTIFIER = marki.WaterMe;
				PRODUCT_NAME = "$(TARGET_NAME)";
				SWIFT_VERSION = 5.0;
				TARGETED_DEVICE_FAMILY = 1;
			};
			name = Debug;
		};
		1670ADDB257FFAD600CDDFB9 /* Release */ = {
			isa = XCBuildConfiguration;
			buildSettings = {
				ASSETCATALOG_COMPILER_APPICON_NAME = AppIcon;
				ASSETCATALOG_COMPILER_GLOBAL_ACCENT_COLOR_NAME = AccentColor;
				CODE_SIGN_STYLE = Automatic;
				DEVELOPMENT_TEAM = PA5Y59CXB7;
				INFOPLIST_FILE = WaterMe/Info.plist;
				LD_RUNPATH_SEARCH_PATHS = (
					"$(inherited)",
					"@executable_path/Frameworks",
				);
				PRODUCT_BUNDLE_IDENTIFIER = marki.WaterMe;
				PRODUCT_NAME = "$(TARGET_NAME)";
				SWIFT_VERSION = 5.0;
				TARGETED_DEVICE_FAMILY = 1;
			};
			name = Release;
		};
/* End XCBuildConfiguration section */

/* Begin XCConfigurationList section */
		1670ADC0257FFAD600CDDFB9 /* Build configuration list for PBXProject "WaterMe" */ = {
			isa = XCConfigurationList;
			buildConfigurations = (
				1670ADD7257FFAD600CDDFB9 /* Debug */,
				1670ADD8257FFAD600CDDFB9 /* Release */,
			);
			defaultConfigurationIsVisible = 0;
			defaultConfigurationName = Release;
		};
		1670ADD9257FFAD600CDDFB9 /* Build configuration list for PBXNativeTarget "WaterMe" */ = {
			isa = XCConfigurationList;
			buildConfigurations = (
				1670ADDA257FFAD600CDDFB9 /* Debug */,
				1670ADDB257FFAD600CDDFB9 /* Release */,
			);
			defaultConfigurationIsVisible = 0;
			defaultConfigurationName = Release;
		};
/* End XCConfigurationList section */
	};
	rootObject = 1670ADBD257FFAD600CDDFB9 /* Project object */;
}
